
Microsoft Visual Studio Solution File, Format Version 12.00
# Visual Studio Version 17
VisualStudioVersion = 17.0.32014.148
MinimumVisualStudioVersion = 10.0.40219.1
Project("{FAE04EC0-301F-11D3-BF4B-00C04F79EFBC}") = "QUANLYTIECCUOI", "QUANLYTIECCUOI\QUANLYTIECCUOI.csproj", "{B014376B-4262-4603-AD81-C96607EEF227}"
EndProject
Global
	GlobalSection(SolutionConfigurationPlatforms) = preSolution
		Debug|Any CPU = Debug|Any CPU
		Release|Any CPU = Release|Any CPU
	EndGlobalSection
	GlobalSection(ProjectConfigurationPlatforms) = postSolution
		{B014376B-4262-4603-AD81-C96607EEF227}.Debug|Any CPU.ActiveCfg = Debug|Any CPU
		{B014376B-4262-4603-AD81-C96607EEF227}.Debug|Any CPU.Build.0 = Debug|Any CPU
		{B014376B-4262-4603-AD81-C96607EEF227}.Release|Any CPU.ActiveCfg = Release|Any CPU
		{B014376B-4262-4603-AD81-C96607EEF227}.Release|Any CPU.Build.0 = Release|Any CPU
	EndGlobalSection
	GlobalSection(SolutionProperties) = preSolution
		HideSolutionNode = FALSE
	EndGlobalSection
	GlobalSection(ExtensibilityGlobals) = postSolution
		SolutionGuid = {F4523CD4-D3FB-4911-ADB1-CB5BE50DC765}
	EndGlobalSection
EndGlobal
